
Microsoft Visual Studio Solution File, Format Version 12.00
# Visual Studio 15
VisualStudioVersion = 15.0.28307.136
MinimumVisualStudioVersion = 10.0.40219.1
Project("{2150E333-8FDC-42A3-9474-1A3956D46DE8}") = "Solution Items", "Solution Items", "{809D9787-0AB5-48CA-B7DB-8C12624B6706}"
	ProjectSection(SolutionItems) = preProject
		manifest.json = manifest.json
		To do.txt = To do.txt
	EndProjectSection
EndProject
Project("{2150E333-8FDC-42A3-9474-1A3956D46DE8}") = "markup", "markup", "{D8B19937-5B89-439D-AED0-DF926CE30C70}"
	ProjectSection(SolutionItems) = preProject
		markup\dialog-extensions.css = markup\dialog-extensions.css
		markup\dialogs.html = markup\dialogs.html
		markup\jquery-ui-1.8.22.custom.css = markup\jquery-ui-1.8.22.custom.css
		markup\main.css = markup\main.css
		markup\main.html = markup\main.html
	EndProjectSection
EndProject
Project("{2150E333-8FDC-42A3-9474-1A3956D46DE8}") = "javascript", "javascript", "{67D00384-D518-475C-9E14-2D54E0B3ED93}"
EndProject
Project("{2150E333-8FDC-42A3-9474-1A3956D46DE8}") = "cmn", "cmn", "{79292059-FEAD-4018-8146-F8E02BC99FF8}"
	ProjectSection(SolutionItems) = preProject
		javascript\cmnLog.js = javascript\cmnLog.js
		javascript\cmnMisc.js = javascript\cmnMisc.js
		javascript\cmnRand.js = javascript\cmnRand.js
		javascript\cmnSpatial.js = javascript\cmnSpatial.js
		javascript\dialog-extensions.js = javascript\dialog-extensions.js
		javascript\FoldingPattern.js = javascript\FoldingPattern.js
	EndProjectSection
EndProject
Project("{2150E333-8FDC-42A3-9474-1A3956D46DE8}") = "third-party", "third-party", "{5F73FB3A-CDAD-411B-A124-C36208E9CE59}"
	ProjectSection(SolutionItems) = preProject
		javascript\jquery-1.7.2.min.js = javascript\jquery-1.7.2.min.js
		javascript\jquery-ui-1.8.22.custom.min.js = javascript\jquery-ui-1.8.22.custom.min.js
		javascript\jquery.base64.min.js = javascript\jquery.base64.min.js
		javascript\jquery.jorbital-original.js = javascript\jquery.jorbital-original.js
		javascript\jquery.jorbital.js = javascript\jquery.jorbital.js
		javascript\require.1.0.8.min.js = javascript\require.1.0.8.min.js
		javascript\seedrandom-min.js = javascript\seedrandom-min.js
		javascript\Three.js = javascript\Three.js
		javascript\Tween.js = javascript\Tween.js
		javascript\underscore-1.3.3-min.js = javascript\underscore-1.3.3-min.js
	EndProjectSection
EndProject
Project("{2150E333-8FDC-42A3-9474-1A3956D46DE8}") = "sr-singletons", "sr-singletons", "{5EE8F0C6-03CA-46A4-B8E4-C6E41F18D4A7}"
	ProjectSection(SolutionItems) = preProject
		javascript\sr-s-companies.js = javascript\sr-s-companies.js
		javascript\sr-s-controls.js = javascript\sr-s-controls.js
		javascript\sr-s-dialogs.js = javascript\sr-s-dialogs.js
		javascript\sr-s-fixedSettings.js = javascript\sr-s-fixedSettings.js
		javascript\sr-s-gameLoader.js = javascript\sr-s-gameLoader.js
		javascript\sr-s-governor.js = javascript\sr-s-governor.js
		javascript\sr-s-shipClasses.js = javascript\sr-s-shipClasses.js
		javascript\sr-s-solars.js = javascript\sr-s-solars.js
		javascript\sr-s-starChartModels.js = javascript\sr-s-starChartModels.js
		javascript\sr-s-starChartRenderSectors.js = javascript\sr-s-starChartRenderSectors.js
		javascript\sr-s-starChartRenderVessels.js = javascript\sr-s-starChartRenderVessels.js
		javascript\sr-s-starChartVisuals.js = javascript\sr-s-starChartVisuals.js
		javascript\sr-s-textures.js = javascript\sr-s-textures.js
		javascript\sr-s-tradeItems.js = javascript\sr-s-tradeItems.js
		javascript\sr-s-vessels.js = javascript\sr-s-vessels.js
	EndProjectSection
EndProject
Project("{2150E333-8FDC-42A3-9474-1A3956D46DE8}") = "sr-types", "sr-types", "{3C349C62-2A3E-40E6-BFCA-82F769989F42}"
	ProjectSection(SolutionItems) = preProject
		javascript\sr-T-Company.js = javascript\sr-T-Company.js
		javascript\sr-T-ShipClass.js = javascript\sr-T-ShipClass.js
		javascript\sr-T-Solar.js = javascript\sr-T-Solar.js
		javascript\sr-T-TradeItem.js = javascript\sr-T-TradeItem.js
		javascript\sr-T-Vessel.js = javascript\sr-T-Vessel.js
	EndProjectSection
EndProject
Project("{2150E333-8FDC-42A3-9474-1A3956D46DE8}") = "sr-other", "sr-other", "{A9377696-88FB-4919-B608-ACFB525A8E88}"
	ProjectSection(SolutionItems) = preProject
		javascript\SpaceReignApp.js = javascript\SpaceReignApp.js
		javascript\sr-log.js = javascript\sr-log.js
	EndProjectSection
EndProject
Global
	GlobalSection(SolutionProperties) = preSolution
		HideSolutionNode = FALSE
	EndGlobalSection
	GlobalSection(NestedProjects) = preSolution
		{D8B19937-5B89-439D-AED0-DF926CE30C70} = {809D9787-0AB5-48CA-B7DB-8C12624B6706}
		{67D00384-D518-475C-9E14-2D54E0B3ED93} = {809D9787-0AB5-48CA-B7DB-8C12624B6706}
		{79292059-FEAD-4018-8146-F8E02BC99FF8} = {67D00384-D518-475C-9E14-2D54E0B3ED93}
		{5F73FB3A-CDAD-411B-A124-C36208E9CE59} = {67D00384-D518-475C-9E14-2D54E0B3ED93}
		{5EE8F0C6-03CA-46A4-B8E4-C6E41F18D4A7} = {67D00384-D518-475C-9E14-2D54E0B3ED93}
		{3C349C62-2A3E-40E6-BFCA-82F769989F42} = {67D00384-D518-475C-9E14-2D54E0B3ED93}
		{A9377696-88FB-4919-B608-ACFB525A8E88} = {67D00384-D518-475C-9E14-2D54E0B3ED93}
	EndGlobalSection
	GlobalSection(ExtensibilityGlobals) = postSolution
		SolutionGuid = {463B74CE-5348-4F39-B673-81DEB092D9CE}
	EndGlobalSection
EndGlobal
